// !$*UTF8*$!
{
	archiveVersion = 1;
	classes = {
	};
	objectVersion = 77;
	objects = {

/* Begin PBXFileReference section */
		88726AF32D628C1B00CA62BD /* arco.md */ = {isa = PBXFileReference; lastKnownFileType = net.daringfireball.markdown; path = arco.md; sourceTree = "<group>"; };
		88726AF82D65281300CA62BD /* dbo.md */ = {isa = PBXFileReference; lastKnownFileType = net.daringfireball.markdown; path = dbo.md; sourceTree = "<group>"; };
/* End PBXFileReference section */

/* Begin PBXGroup section */
		88726AEC2D628C1100CA62BD = {
			isa = PBXGroup;
			children = (
				88726AF32D628C1B00CA62BD /* arco.md */,
				88726AF82D65281300CA62BD /* dbo.md */,
			);
			sourceTree = "<group>";
		};
/* End PBXGroup section */

/* Begin PBXProject section */
		88726AED2D628C1100CA62BD /* Project object */ = {
			isa = PBXProject;
			attributes = {
				BuildIndependentTargetsInParallel = 1;
				LastUpgradeCheck = 1620;
			};
			buildConfigurationList = 88726AF02D628C1100CA62BD /* Build configuration list for PBXProject "arco" */;
			developmentRegion = en;
			hasScannedForEncodings = 0;
			knownRegions = (
				en,
				Base,
			);
			mainGroup = 88726AEC2D628C1100CA62BD;
			minimizedProjectReferenceProxies = 1;
			preferredProjectObjectVersion = 77;
			projectDirPath = "";
			projectRoot = "";
			targets = (
			);
		};
/* End PBXProject section */

/* Begin XCBuildConfiguration section */
		88726AF12D628C1100CA62BD /* Debug */ = {
			isa = XCBuildConfiguration;
			buildSettings = {
			};
			name = Debug;
		};
		88726AF22D628C1100CA62BD /* Release */ = {
			isa = XCBuildConfiguration;
			buildSettings = {
			};
			name = Release;
		};
/* End XCBuildConfiguration section */

/* Begin XCConfigurationList section */
		88726AF02D628C1100CA62BD /* Build configuration list for PBXProject "arco" */ = {
			isa = XCConfigurationList;
			buildConfigurations = (
				88726AF12D628C1100CA62BD /* Debug */,
				88726AF22D628C1100CA62BD /* Release */,
			);
			defaultConfigurationIsVisible = 0;
			defaultConfigurationName = Release;
		};
/* End XCConfigurationList section */
	};
	rootObject = 88726AED2D628C1100CA62BD /* Project object */;
}
